
Microsoft Visual Studio Solution File, Format Version 12.00
# Visual Studio 2013
VisualStudioVersion = 12.0.31101.0
MinimumVisualStudioVersion = 10.0.40219.1
Project("{FAE04EC0-301F-11D3-BF4B-00C04F79EFBC}") = "Vilandagro.Core", "Vilandagro.Core\Vilandagro.Core.csproj", "{DE9F8D30-B329-452B-9B44-06D2BB6775B2}"
EndProject
Project("{FAE04EC0-301F-11D3-BF4B-00C04F79EFBC}") = "Vilandagro.Infrastructure.EF", "Vilandagro.Infrastructure.EF\Vilandagro.Infrastructure.EF.csproj", "{137168BD-15EC-4229-ABC8-55E908D06E7C}"
EndProject
Project("{FAE04EC0-301F-11D3-BF4B-00C04F79EFBC}") = "Vilandagro.Infrastructure.NH", "Vilandagro.Infrastructure.NH\Vilandagro.Infrastructure.NH.csproj", "{213970D8-1F8C-4573-B8CD-E4AF89D31FDF}"
EndProject
Project("{FAE04EC0-301F-11D3-BF4B-00C04F79EFBC}") = "Vilandagro.Infrastructure", "Vilandagro.Infrastructure\Vilandagro.Infrastructure.csproj", "{7CEBBAB1-9EF4-4E73-A177-BD4A3824EBEA}"
EndProject
Project("{FAE04EC0-301F-11D3-BF4B-00C04F79EFBC}") = "Vilandagro.Web", "Vilandagro.Web\Vilandagro.Web.csproj", "{F0F6ACE2-D368-489C-A67F-4E6CD4DBE1E6}"
EndProject
Project("{FAE04EC0-301F-11D3-BF4B-00C04F79EFBC}") = "Vilandagro.Infrastructure.EF.Tests", "Vilandagro.Infrastructure.EF.Tests\Vilandagro.Infrastructure.EF.Tests.csproj", "{8442F30D-E235-437F-B294-7048185813E4}"
EndProject
Project("{FAE04EC0-301F-11D3-BF4B-00C04F79EFBC}") = "Vilandagro.Infrastructure.NH.Tests", "Vilandagro.Infrastructure.NH.Tests\Vilandagro.Infrastructure.NH.Tests.csproj", "{0E601447-2AEC-464E-B557-706ACE38F9C4}"
EndProject
Project("{FAE04EC0-301F-11D3-BF4B-00C04F79EFBC}") = "Vilandagro.Infrastructure.Tests", "Vilandagro.Infrastructure.Tests\Vilandagro.Infrastructure.Tests.csproj", "{CC2C4BAB-1E9D-40B6-88AF-9D7AF5489BC1}"
EndProject
Project("{FAE04EC0-301F-11D3-BF4B-00C04F79EFBC}") = "Vilandagro.Web.Tests", "Vilandagro.Web.Tests\Vilandagro.Web.Tests.csproj", "{C9F1239E-2132-4BD8-8228-880EF92AC540}"
EndProject
Project("{2150E333-8FDC-42A3-9474-1A3956D46DE8}") = "Tests", "Tests", "{F908BE0D-3AF7-413A-B59B-E464DF10C01B}"
EndProject
Global
	GlobalSection(SolutionConfigurationPlatforms) = preSolution
		Debug|Any CPU = Debug|Any CPU
		Release|Any CPU = Release|Any CPU
	EndGlobalSection
	GlobalSection(ProjectConfigurationPlatforms) = postSolution
		{DE9F8D30-B329-452B-9B44-06D2BB6775B2}.Debug|Any CPU.ActiveCfg = Debug|Any CPU
		{DE9F8D30-B329-452B-9B44-06D2BB6775B2}.Debug|Any CPU.Build.0 = Debug|Any CPU
		{DE9F8D30-B329-452B-9B44-06D2BB6775B2}.Release|Any CPU.ActiveCfg = Release|Any CPU
		{DE9F8D30-B329-452B-9B44-06D2BB6775B2}.Release|Any CPU.Build.0 = Release|Any CPU
		{137168BD-15EC-4229-ABC8-55E908D06E7C}.Debug|Any CPU.ActiveCfg = Debug|Any CPU
		{137168BD-15EC-4229-ABC8-55E908D06E7C}.Debug|Any CPU.Build.0 = Debug|Any CPU
		{137168BD-15EC-4229-ABC8-55E908D06E7C}.Release|Any CPU.ActiveCfg = Release|Any CPU
		{137168BD-15EC-4229-ABC8-55E908D06E7C}.Release|Any CPU.Build.0 = Release|Any CPU
		{213970D8-1F8C-4573-B8CD-E4AF89D31FDF}.Debug|Any CPU.ActiveCfg = Debug|Any CPU
		{213970D8-1F8C-4573-B8CD-E4AF89D31FDF}.Debug|Any CPU.Build.0 = Debug|Any CPU
		{213970D8-1F8C-4573-B8CD-E4AF89D31FDF}.Release|Any CPU.ActiveCfg = Release|Any CPU
		{213970D8-1F8C-4573-B8CD-E4AF89D31FDF}.Release|Any CPU.Build.0 = Release|Any CPU
		{7CEBBAB1-9EF4-4E73-A177-BD4A3824EBEA}.Debug|Any CPU.ActiveCfg = Debug|Any CPU
		{7CEBBAB1-9EF4-4E73-A177-BD4A3824EBEA}.Debug|Any CPU.Build.0 = Debug|Any CPU
		{7CEBBAB1-9EF4-4E73-A177-BD4A3824EBEA}.Release|Any CPU.ActiveCfg = Release|Any CPU
		{7CEBBAB1-9EF4-4E73-A177-BD4A3824EBEA}.Release|Any CPU.Build.0 = Release|Any CPU
		{F0F6ACE2-D368-489C-A67F-4E6CD4DBE1E6}.Debug|Any CPU.ActiveCfg = Debug|Any CPU
		{F0F6ACE2-D368-489C-A67F-4E6CD4DBE1E6}.Debug|Any CPU.Build.0 = Debug|Any CPU
		{F0F6ACE2-D368-489C-A67F-4E6CD4DBE1E6}.Release|Any CPU.ActiveCfg = Release|Any CPU
		{F0F6ACE2-D368-489C-A67F-4E6CD4DBE1E6}.Release|Any CPU.Build.0 = Release|Any CPU
		{8442F30D-E235-437F-B294-7048185813E4}.Debug|Any CPU.ActiveCfg = Debug|Any CPU
		{8442F30D-E235-437F-B294-7048185813E4}.Debug|Any CPU.Build.0 = Debug|Any CPU
		{8442F30D-E235-437F-B294-7048185813E4}.Release|Any CPU.ActiveCfg = Release|Any CPU
		{8442F30D-E235-437F-B294-7048185813E4}.Release|Any CPU.Build.0 = Release|Any CPU
		{0E601447-2AEC-464E-B557-706ACE38F9C4}.Debug|Any CPU.ActiveCfg = Debug|Any CPU
		{0E601447-2AEC-464E-B557-706ACE38F9C4}.Debug|Any CPU.Build.0 = Debug|Any CPU
		{0E601447-2AEC-464E-B557-706ACE38F9C4}.Release|Any CPU.ActiveCfg = Release|Any CPU
		{0E601447-2AEC-464E-B557-706ACE38F9C4}.Release|Any CPU.Build.0 = Release|Any CPU
		{CC2C4BAB-1E9D-40B6-88AF-9D7AF5489BC1}.Debug|Any CPU.ActiveCfg = Debug|Any CPU
		{CC2C4BAB-1E9D-40B6-88AF-9D7AF5489BC1}.Debug|Any CPU.Build.0 = Debug|Any CPU
		{CC2C4BAB-1E9D-40B6-88AF-9D7AF5489BC1}.Release|Any CPU.ActiveCfg = Release|Any CPU
		{CC2C4BAB-1E9D-40B6-88AF-9D7AF5489BC1}.Release|Any CPU.Build.0 = Release|Any CPU
		{C9F1239E-2132-4BD8-8228-880EF92AC540}.Debug|Any CPU.ActiveCfg = Debug|Any CPU
		{C9F1239E-2132-4BD8-8228-880EF92AC540}.Debug|Any CPU.Build.0 = Debug|Any CPU
		{C9F1239E-2132-4BD8-8228-880EF92AC540}.Release|Any CPU.ActiveCfg = Release|Any CPU
		{C9F1239E-2132-4BD8-8228-880EF92AC540}.Release|Any CPU.Build.0 = Release|Any CPU
	EndGlobalSection
	GlobalSection(SolutionProperties) = preSolution
		HideSolutionNode = FALSE
	EndGlobalSection
	GlobalSection(NestedProjects) = preSolution
		{8442F30D-E235-437F-B294-7048185813E4} = {F908BE0D-3AF7-413A-B59B-E464DF10C01B}
		{0E601447-2AEC-464E-B557-706ACE38F9C4} = {F908BE0D-3AF7-413A-B59B-E464DF10C01B}
		{CC2C4BAB-1E9D-40B6-88AF-9D7AF5489BC1} = {F908BE0D-3AF7-413A-B59B-E464DF10C01B}
		{C9F1239E-2132-4BD8-8228-880EF92AC540} = {F908BE0D-3AF7-413A-B59B-E464DF10C01B}
	EndGlobalSection
EndGlobal
